# This file is automatically @generated by Poetry 1.7.1 and should not be changed by hand.

[[package]]
name = "sortedcontainers"
version = "2.4.0"
description = "Sorted Containers -- Sorted List, Sorted Dict, Sorted Set"
optional = false
python-versions = "*"
files = [
    {file = "sortedcontainers-2.4.0-py2.py3-none-any.whl", hash = "sha256:a163dcaede0f1c021485e957a39245190e74249897e2ae4b2aa38595db237ee0"},
    {file = "sortedcontainers-2.4.0.tar.gz", hash = "sha256:25caa5a06cc30b6b83d11423433f65d1f9d76c4c6a0c90e3379eaa43b9bfdb88"},
]

[metadata]
lock-version = "2.0"
python-versions = "^3.8"
content-hash = "dddb2b08bbc057b2d7d897c321efb0f94cd72274752baa4ebe5ec80c0bcb5973"
